{
  "name": "pianosite",
  "version": "1.0.0",
  "lockfileVersion": 1,
  "requires": true,
  "dependencies": {
    "babel-polyfill": {
      "version": "6.26.0",
      "resolved": "https://registry.npmjs.org/babel-polyfill/-/babel-polyfill-6.26.0.tgz",
      "integrity": "sha1-N5k3q8Z9eJWXCtxiHyhM2WbPIVM=",
      "requires": {
        "babel-runtime": "^6.26.0",
        "core-js": "^2.5.0",
        "regenerator-runtime": "^0.10.5"
      }
    },
    "babel-runtime": {
      "version": "6.26.0",
      "resolved": "https://registry.npmjs.org/babel-runtime/-/babel-runtime-6.26.0.tgz",
      "integrity": "sha1-llxwWGaOgrVde/4E/yM3vItWR/4=",
      "requires": {
        "core-js": "^2.4.0",
        "regenerator-runtime": "^0.11.0"
      },
      "dependencies": {
        "regenerator-runtime": {
          "version": "0.11.1",
          "resolved": "https://registry.npmjs.org/regenerator-runtime/-/regenerator-runtime-0.11.1.tgz",
          "integrity": "sha512-MguG95oij0fC3QV3URf4V2SDYGJhJnJGqvIIgdECeODCT98wSWDAJ94SSuVpYQUoTcGUIL6L4yNB7j1DFFHSBg=="
        }
      }
    },
    "core-js": {
      "version": "2.5.7",
      "resolved": "https://registry.npmjs.org/core-js/-/core-js-2.5.7.tgz",
      "integrity": "sha512-RszJCAxg/PP6uzXVXL6BsxSXx/B05oJAQ2vkJRjyjrEcNVycaqOmNb5OTxZPE3xa5gwZduqza6L9JOCenh/Ecw=="
    },
    "custom-event-polyfill": {
      "version": "1.0.6",
      "resolved": "https://registry.npmjs.org/custom-event-polyfill/-/custom-event-polyfill-1.0.6.tgz",
      "integrity": "sha512-3FxpFlzGcHrDykwWu+xWVXZ8PfykM/9/bI3zXb953sh+AjInZWcQmrnmvPoZgiqNjmbtTm10PWvYqvRW527x6g=="
    },
    "loadjs": {
      "version": "3.5.4",
      "resolved": "https://registry.npmjs.org/loadjs/-/loadjs-3.5.4.tgz",
      "integrity": "sha512-vJO1whnJ/9Cg+Z8tOLVGuIaLiGpCxEd/+R1OgzWJxoJHAfXOfHqJWnsGbst9Q8dQAGVvt4/X8zhCO0EtlnXcRg=="
    },
    "plyr": {
      "version": "3.4.0-beta.1",
      "resolved": "https://registry.npmjs.org/plyr/-/plyr-3.4.0-beta.1.tgz",
      "integrity": "sha512-1/ejNYcP4Js5kEyZWYFYJgHoSOvCm2jF7vaZEX7i7wBN2DyP2iEJ4z2gAWC1UZgWSGHSC/wCItwFDeBkR3maTg==",
      "requires": {
        "babel-polyfill": "^6.26.0",
        "custom-event-polyfill": "^1.0.6",
        "loadjs": "^3.5.4",
        "raven-js": "^3.26.4",
        "url-polyfill": "^1.0.13"
      }
    },
    "raven-js": {
      "version": "3.26.4",
      "resolved": "https://registry.npmjs.org/raven-js/-/raven-js-3.26.4.tgz",
      "integrity": "sha512-5VmC3IWhTQJkaiQaCY0S5V8za4bpUgbbuVT1MkDH7JVqgu8CPQ750XaFF8BVRbLV9F5nvoz7n0UT0CKteDuZAg=="
    },
    "regenerator-runtime": {
      "version": "0.10.5",
      "resolved": "https://registry.npmjs.org/regenerator-runtime/-/regenerator-runtime-0.10.5.tgz",
      "integrity": "sha1-M2w+/BIgrc7dosn6tntaeVWjNlg="
    },
    "url-polyfill": {
      "version": "1.0.13",
      "resolved": "https://registry.npmjs.org/url-polyfill/-/url-polyfill-1.0.13.tgz",
      "integrity": "sha512-tNb+OrSQWDkKNapyp84/tvzQUBpTj1HvE07ySZCvsu/P736+HJbqTVY3NqWd+GPGt5OknqNaWqT0s1VsAmTqJA=="
    }
  }
}
